// !$*UTF8*$!
{
	archiveVersion = 1;
	classes = {
	};
	objectVersion = 46;
	objects = {

/* Begin PBXBuildFile section */
		479A830A1C2B642A00A34BB9 /* AppDelegate.swift in Sources */ = {isa = PBXBuildFile; fileRef = 479A83091C2B642A00A34BB9 /* AppDelegate.swift */; };
		479A830D1C2B642A00A34BB9 /* helpme.xcdatamodeld in Sources */ = {isa = PBXBuildFile; fileRef = 479A830B1C2B642A00A34BB9 /* helpme.xcdatamodeld */; };
		479A830F1C2B642A00A34BB9 /* ViewController.swift in Sources */ = {isa = PBXBuildFile; fileRef = 479A830E1C2B642A00A34BB9 /* ViewController.swift */; };
		479A83121C2B642A00A34BB9 /* Main.storyboard in Resources */ = {isa = PBXBuildFile; fileRef = 479A83101C2B642A00A34BB9 /* Main.storyboard */; };
		479A83141C2B642A00A34BB9 /* Images.xcassets in Resources */ = {isa = PBXBuildFile; fileRef = 479A83131C2B642A00A34BB9 /* Images.xcassets */; };
		479A83171C2B642A00A34BB9 /* LaunchScreen.xib in Resources */ = {isa = PBXBuildFile; fileRef = 479A83151C2B642A00A34BB9 /* LaunchScreen.xib */; };
		479A83231C2B642A00A34BB9 /* helpmeTests.swift in Sources */ = {isa = PBXBuildFile; fileRef = 479A83221C2B642A00A34BB9 /* helpmeTests.swift */; };
/* End PBXBuildFile section */

/* Begin PBXContainerItemProxy section */
		479A831D1C2B642A00A34BB9 /* PBXContainerItemProxy */ = {
			isa = PBXContainerItemProxy;
			containerPortal = 479A82FC1C2B642A00A34BB9 /* Project object */;
			proxyType = 1;
			remoteGlobalIDString = 479A83031C2B642A00A34BB9;
			remoteInfo = helpme;
		};
/* End PBXContainerItemProxy section */

/* Begin PBXFileReference section */
		479A83041C2B642A00A34BB9 /* helpme.app */ = {isa = PBXFileReference; explicitFileType = wrapper.application; includeInIndex = 0; path = helpme.app; sourceTree = BUILT_PRODUCTS_DIR; };
		479A83081C2B642A00A34BB9 /* Info.plist */ = {isa = PBXFileReference; lastKnownFileType = text.plist.xml; path = Info.plist; sourceTree = "<group>"; };
		479A83091C2B642A00A34BB9 /* AppDelegate.swift */ = {isa = PBXFileReference; lastKnownFileType = sourcecode.swift; path = AppDelegate.swift; sourceTree = "<group>"; };
		479A830C1C2B642A00A34BB9 /* helpme.xcdatamodel */ = {isa = PBXFileReference; lastKnownFileType = wrapper.xcdatamodel; path = helpme.xcdatamodel; sourceTree = "<group>"; };
		479A830E1C2B642A00A34BB9 /* ViewController.swift */ = {isa = PBXFileReference; lastKnownFileType = sourcecode.swift; path = ViewController.swift; sourceTree = "<group>"; };
		479A83111C2B642A00A34BB9 /* Base */ = {isa = PBXFileReference; lastKnownFileType = file.storyboard; name = Base; path = Base.lproj/Main.storyboard; sourceTree = "<group>"; };
		479A83131C2B642A00A34BB9 /* Images.xcassets */ = {isa = PBXFileReference; lastKnownFileType = folder.assetcatalog; path = Images.xcassets; sourceTree = "<group>"; };
		479A83161C2B642A00A34BB9 /* Base */ = {isa = PBXFileReference; lastKnownFileType = file.xib; name = Base; path = Base.lproj/LaunchScreen.xib; sourceTree = "<group>"; };
		479A831C1C2B642A00A34BB9 /* helpmeTests.xctest */ = {isa = PBXFileReference; explicitFileType = wrapper.cfbundle; includeInIndex = 0; path = helpmeTests.xctest; sourceTree = BUILT_PRODUCTS_DIR; };
		479A83211C2B642A00A34BB9 /* Info.plist */ = {isa = PBXFileReference; lastKnownFileType = text.plist.xml; path = Info.plist; sourceTree = "<group>"; };
		479A83221C2B642A00A34BB9 /* helpmeTests.swift */ = {isa = PBXFileReference; lastKnownFileType = sourcecode.swift; path = helpmeTests.swift; sourceTree = "<group>"; };
/* End PBXFileReference section */

/* Begin PBXFrameworksBuildPhase section */
		479A83011C2B642A00A34BB9 /* Frameworks */ = {
			isa = PBXFrameworksBuildPhase;
			buildActionMask = 2147483647;
			files = (
			);
			runOnlyForDeploymentPostprocessing = 0;
		};
		479A83191C2B642A00A34BB9 /* Frameworks */ = {
			isa = PBXFrameworksBuildPhase;
			buildActionMask = 2147483647;
			files = (
			);
			runOnlyForDeploymentPostprocessing = 0;
		};
/* End PBXFrameworksBuildPhase section */

/* Begin PBXGroup section */
		479A82FB1C2B642A00A34BB9 = {
			isa = PBXGroup;
			children = (
				479A83061C2B642A00A34BB9 /* helpme */,
				479A831F1C2B642A00A34BB9 /* helpmeTests */,
				479A83051C2B642A00A34BB9 /* Products */,
			);
			sourceTree = "<group>";
		};
		479A83051C2B642A00A34BB9 /* Products */ = {
			isa = PBXGroup;
			children = (
				479A83041C2B642A00A34BB9 /* helpme.app */,
				479A831C1C2B642A00A34BB9 /* helpmeTests.xctest */,
			);
			name = Products;
			sourceTree = "<group>";
		};
		479A83061C2B642A00A34BB9 /* helpme */ = {
			isa = PBXGroup;
			children = (
				479A83091C2B642A00A34BB9 /* AppDelegate.swift */,
				479A830E1C2B642A00A34BB9 /* ViewController.swift */,
				479A83101C2B642A00A34BB9 /* Main.storyboard */,
				479A83131C2B642A00A34BB9 /* Images.xcassets */,
				479A83151C2B642A00A34BB9 /* LaunchScreen.xib */,
				479A830B1C2B642A00A34BB9 /* helpme.xcdatamodeld */,
				479A83071C2B642A00A34BB9 /* Supporting Files */,
			);
			path = helpme;
			sourceTree = "<group>";
		};
		479A83071C2B642A00A34BB9 /* Supporting Files */ = {
			isa = PBXGroup;
			children = (
				479A83081C2B642A00A34BB9 /* Info.plist */,
			);
			name = "Supporting Files";
			sourceTree = "<group>";
		};
		479A831F1C2B642A00A34BB9 /* helpmeTests */ = {
			isa = PBXGroup;
			children = (
				479A83221C2B642A00A34BB9 /* helpmeTests.swift */,
				479A83201C2B642A00A34BB9 /* Supporting Files */,
			);
			path = helpmeTests;
			sourceTree = "<group>";
		};
		479A83201C2B642A00A34BB9 /* Supporting Files */ = {
			isa = PBXGroup;
			children = (
				479A83211C2B642A00A34BB9 /* Info.plist */,
			);
			name = "Supporting Files";
			sourceTree = "<group>";
		};
/* End PBXGroup section */

/* Begin PBXNativeTarget section */
		479A83031C2B642A00A34BB9 /* helpme */ = {
			isa = PBXNativeTarget;
			buildConfigurationList = 479A83261C2B642A00A34BB9 /* Build configuration list for PBXNativeTarget "helpme" */;
			buildPhases = (
				479A83001C2B642A00A34BB9 /* Sources */,
				479A83011C2B642A00A34BB9 /* Frameworks */,
				479A83021C2B642A00A34BB9 /* Resources */,
			);
			buildRules = (
			);
			dependencies = (
			);
			name = helpme;
			productName = helpme;
			productReference = 479A83041C2B642A00A34BB9 /* helpme.app */;
			productType = "com.apple.product-type.application";
		};
		479A831B1C2B642A00A34BB9 /* helpmeTests */ = {
			isa = PBXNativeTarget;
			buildConfigurationList = 479A83291C2B642A00A34BB9 /* Build configuration list for PBXNativeTarget "helpmeTests" */;
			buildPhases = (
				479A83181C2B642A00A34BB9 /* Sources */,
				479A83191C2B642A00A34BB9 /* Frameworks */,
				479A831A1C2B642A00A34BB9 /* Resources */,
			);
			buildRules = (
			);
			dependencies = (
				479A831E1C2B642A00A34BB9 /* PBXTargetDependency */,
			);
			name = helpmeTests;
			productName = helpmeTests;
			productReference = 479A831C1C2B642A00A34BB9 /* helpmeTests.xctest */;
			productType = "com.apple.product-type.bundle.unit-test";
		};
/* End PBXNativeTarget section */

/* Begin PBXProject section */
		479A82FC1C2B642A00A34BB9 /* Project object */ = {
			isa = PBXProject;
			attributes = {
				LastUpgradeCheck = 0640;
				ORGANIZATIONNAME = helpm;
				TargetAttributes = {
					479A83031C2B642A00A34BB9 = {
						CreatedOnToolsVersion = 6.4;
					};
					479A831B1C2B642A00A34BB9 = {
						CreatedOnToolsVersion = 6.4;
						TestTargetID = 479A83031C2B642A00A34BB9;
					};
				};
			};
			buildConfigurationList = 479A82FF1C2B642A00A34BB9 /* Build configuration list for PBXProject "helpme" */;
			compatibilityVersion = "Xcode 3.2";
			developmentRegion = English;
			hasScannedForEncodings = 0;
			knownRegions = (
				en,
				Base,
			);
			mainGroup = 479A82FB1C2B642A00A34BB9;
			productRefGroup = 479A83051C2B642A00A34BB9 /* Products */;
			projectDirPath = "";
			projectRoot = "";
			targets = (
				479A83031C2B642A00A34BB9 /* helpme */,
				479A831B1C2B642A00A34BB9 /* helpmeTests */,
			);
		};
/* End PBXProject section */

/* Begin PBXResourcesBuildPhase section */
		479A83021C2B642A00A34BB9 /* Resources */ = {
			isa = PBXResourcesBuildPhase;
			buildActionMask = 2147483647;
			files = (
				479A83121C2B642A00A34BB9 /* Main.storyboard in Resources */,
				479A83171C2B642A00A34BB9 /* LaunchScreen.xib in Resources */,
				479A83141C2B642A00A34BB9 /* Images.xcassets in Resources */,
			);
			runOnlyForDeploymentPostprocessing = 0;
		};
		479A831A1C2B642A00A34BB9 /* Resources */ = {
			isa = PBXResourcesBuildPhase;
			buildActionMask = 2147483647;
			files = (
			);
			runOnlyForDeploymentPostprocessing = 0;
		};
/* End PBXResourcesBuildPhase section */

/* Begin PBXSourcesBuildPhase section */
		479A83001C2B642A00A34BB9 /* Sources */ = {
			isa = PBXSourcesBuildPhase;
			buildActionMask = 2147483647;
			files = (
				479A830F1C2B642A00A34BB9 /* ViewController.swift in Sources */,
				479A830D1C2B642A00A34BB9 /* helpme.xcdatamodeld in Sources */,
				479A830A1C2B642A00A34BB9 /* AppDelegate.swift in Sources */,
			);
			runOnlyForDeploymentPostprocessing = 0;
		};
		479A83181C2B642A00A34BB9 /* Sources */ = {
			isa = PBXSourcesBuildPhase;
			buildActionMask = 2147483647;
			files = (
				479A83231C2B642A00A34BB9 /* helpmeTests.swift in Sources */,
			);
			runOnlyForDeploymentPostprocessing = 0;
		};
/* End PBXSourcesBuildPhase section */

/* Begin PBXTargetDependency section */
		479A831E1C2B642A00A34BB9 /* PBXTargetDependency */ = {
			isa = PBXTargetDependency;
			target = 479A83031C2B642A00A34BB9 /* helpme */;
			targetProxy = 479A831D1C2B642A00A34BB9 /* PBXContainerItemProxy */;
		};
/* End PBXTargetDependency section */

/* Begin PBXVariantGroup section */
		479A83101C2B642A00A34BB9 /* Main.storyboard */ = {
			isa = PBXVariantGroup;
			children = (
				479A83111C2B642A00A34BB9 /* Base */,
			);
			name = Main.storyboard;
			sourceTree = "<group>";
		};
		479A83151C2B642A00A34BB9 /* LaunchScreen.xib */ = {
			isa = PBXVariantGroup;
			children = (
				479A83161C2B642A00A34BB9 /* Base */,
			);
			name = LaunchScreen.xib;
			sourceTree = "<group>";
		};
/* End PBXVariantGroup section */

/* Begin XCBuildConfiguration section */
		479A83241C2B642A00A34BB9 /* Debug */ = {
			isa = XCBuildConfiguration;
			buildSettings = {
				ALWAYS_SEARCH_USER_PATHS = NO;
				CLANG_CXX_LANGUAGE_STANDARD = "gnu++0x";
				CLANG_CXX_LIBRARY = "libc++";
				CLANG_ENABLE_MODULES = YES;
				CLANG_ENABLE_OBJC_ARC = YES;
				CLANG_WARN_BOOL_CONVERSION = YES;
				CLANG_WARN_CONSTANT_CONVERSION = YES;
				CLANG_WARN_DIRECT_OBJC_ISA_USAGE = YES_ERROR;
				CLANG_WARN_EMPTY_BODY = YES;
				CLANG_WARN_ENUM_CONVERSION = YES;
				CLANG_WARN_INT_CONVERSION = YES;
				CLANG_WARN_OBJC_ROOT_CLASS = YES_ERROR;
				CLANG_WARN_UNREACHABLE_CODE = YES;
				CLANG_WARN__DUPLICATE_METHOD_MATCH = YES;
				"CODE_SIGN_IDENTITY[sdk=iphoneos*]" = "iPhone Developer";
				COPY_PHASE_STRIP = NO;
				DEBUG_INFORMATION_FORMAT = "dwarf-with-dsym";
				ENABLE_STRICT_OBJC_MSGSEND = YES;
				GCC_C_LANGUAGE_STANDARD = gnu99;
				GCC_DYNAMIC_NO_PIC = NO;
				GCC_NO_COMMON_BLOCKS = YES;
				GCC_OPTIMIZATION_LEVEL = 0;
				GCC_PREPROCESSOR_DEFINITIONS = (
					"DEBUG=1",
					"$(inherited)",
				);
				GCC_SYMBOLS_PRIVATE_EXTERN = NO;
				GCC_WARN_64_TO_32_BIT_CONVERSION = YES;
				GCC_WARN_ABOUT_RETURN_TYPE = YES_ERROR;
				GCC_WARN_UNDECLARED_SELECTOR = YES;
				GCC_WARN_UNINITIALIZED_AUTOS = YES_AGGRESSIVE;
				GCC_WARN_UNUSED_FUNCTION = YES;
				GCC_WARN_UNUSED_VARIABLE = YES;
				IPHONEOS_DEPLOYMENT_TARGET = 8.4;
				MTL_ENABLE_DEBUG_INFO = YES;
				ONLY_ACTIVE_ARCH = YES;
				SDKROOT = iphoneos;
				SWIFT_OPTIMIZATION_LEVEL = "-Onone";
			};
			name = Debug;
		};
		479A83251C2B642A00A34BB9 /* Release */ = {
			isa = XCBuildConfiguration;
			buildSettings = {
				ALWAYS_SEARCH_USER_PATHS = NO;
				CLANG_CXX_LANGUAGE_STANDARD = "gnu++0x";
				CLANG_CXX_LIBRARY = "libc++";
				CLANG_ENABLE_MODULES = YES;
				CLANG_ENABLE_OBJC_ARC = YES;
				CLANG_WARN_BOOL_CONVERSION = YES;
				CLANG_WARN_CONSTANT_CONVERSION = YES;
				CLANG_WARN_DIRECT_OBJC_ISA_USAGE = YES_ERROR;
				CLANG_WARN_EMPTY_BODY = YES;
				CLANG_WARN_ENUM_CONVERSION = YES;
				CLANG_WARN_INT_CONVERSION = YES;
				CLANG_WARN_OBJC_ROOT_CLASS = YES_ERROR;
				CLANG_WARN_UNREACHABLE_CODE = YES;
				CLANG_WARN__DUPLICATE_METHOD_MATCH = YES;
				"CODE_SIGN_IDENTITY[sdk=iphoneos*]" = "iPhone Developer";
				COPY_PHASE_STRIP = NO;
				DEBUG_INFORMATION_FORMAT = "dwarf-with-dsym";
				ENABLE_NS_ASSERTIONS = NO;
				ENABLE_STRICT_OBJC_MSGSEND = YES;
				GCC_C_LANGUAGE_STANDARD = gnu99;
				GCC_NO_COMMON_BLOCKS = YES;
				GCC_WARN_64_TO_32_BIT_CONVERSION = YES;
				GCC_WARN_ABOUT_RETURN_TYPE = YES_ERROR;
				GCC_WARN_UNDECLARED_SELECTOR = YES;
				GCC_WARN_UNINITIALIZED_AUTOS = YES_AGGRESSIVE;
				GCC_WARN_UNUSED_FUNCTION = YES;
				GCC_WARN_UNUSED_VARIABLE = YES;
				IPHONEOS_DEPLOYMENT_TARGET = 8.4;
				MTL_ENABLE_DEBUG_INFO = NO;
				SDKROOT = iphoneos;
				VALIDATE_PRODUCT = YES;
			};
			name = Release;
		};
		479A83271C2B642A00A34BB9 /* Debug */ = {
			isa = XCBuildConfiguration;
			buildSettings = {
				ASSETCATALOG_COMPILER_APPICON_NAME = AppIcon;
				INFOPLIST_FILE = helpme/Info.plist;
				LD_RUNPATH_SEARCH_PATHS = "$(inherited) @executable_path/Frameworks";
				PRODUCT_NAME = "$(TARGET_NAME)";
			};
			name = Debug;
		};
		479A83281C2B642A00A34BB9 /* Release */ = {
			isa = XCBuildConfiguration;
			buildSettings = {
				ASSETCATALOG_COMPILER_APPICON_NAME = AppIcon;
				INFOPLIST_FILE = helpme/Info.plist;
				LD_RUNPATH_SEARCH_PATHS = "$(inherited) @executable_path/Frameworks";
				PRODUCT_NAME = "$(TARGET_NAME)";
			};
			name = Release;
		};
		479A832A1C2B642A00A34BB9 /* Debug */ = {
			isa = XCBuildConfiguration;
			buildSettings = {
				BUNDLE_LOADER = "$(TEST_HOST)";
				FRAMEWORK_SEARCH_PATHS = (
					"$(SDKROOT)/Developer/Library/Frameworks",
					"$(inherited)",
				);
				GCC_PREPROCESSOR_DEFINITIONS = (
					"DEBUG=1",
					"$(inherited)",
				);
				INFOPLIST_FILE = helpmeTests/Info.plist;
				LD_RUNPATH_SEARCH_PATHS = "$(inherited) @executable_path/Frameworks @loader_path/Frameworks";
				PRODUCT_NAME = "$(TARGET_NAME)";
				TEST_HOST = "$(BUILT_PRODUCTS_DIR)/helpme.app/helpme";
			};
			name = Debug;
		};
		479A832B1C2B642A00A34BB9 /* Release */ = {
			isa = XCBuildConfiguration;
			buildSettings = {
				BUNDLE_LOADER = "$(TEST_HOST)";
				FRAMEWORK_SEARCH_PATHS = (
					"$(SDKROOT)/Developer/Library/Frameworks",
					"$(inherited)",
				);
				INFOPLIST_FILE = helpmeTests/Info.plist;
				LD_RUNPATH_SEARCH_PATHS = "$(inherited) @executable_path/Frameworks @loader_path/Frameworks";
				PRODUCT_NAME = "$(TARGET_NAME)";
				TEST_HOST = "$(BUILT_PRODUCTS_DIR)/helpme.app/helpme";
			};
			name = Release;
		};
/* End XCBuildConfiguration section */

/* Begin XCConfigurationList section */
		479A82FF1C2B642A00A34BB9 /* Build configuration list for PBXProject "helpme" */ = {
			isa = XCConfigurationList;
			buildConfigurations = (
				479A83241C2B642A00A34BB9 /* Debug */,
				479A83251C2B642A00A34BB9 /* Release */,
			);
			defaultConfigurationIsVisible = 0;
			defaultConfigurationName = Release;
		};
		479A83261C2B642A00A34BB9 /* Build configuration list for PBXNativeTarget "helpme" */ = {
			isa = XCConfigurationList;
			buildConfigurations = (
				479A83271C2B642A00A34BB9 /* Debug */,
				479A83281C2B642A00A34BB9 /* Release */,
			);
			defaultConfigurationIsVisible = 0;
		};
		479A83291C2B642A00A34BB9 /* Build configuration list for PBXNativeTarget "helpmeTests" */ = {
			isa = XCConfigurationList;
			buildConfigurations = (
				479A832A1C2B642A00A34BB9 /* Debug */,
				479A832B1C2B642A00A34BB9 /* Release */,
			);
			defaultConfigurationIsVisible = 0;
		};
/* End XCConfigurationList section */

/* Begin XCVersionGroup section */
		479A830B1C2B642A00A34BB9 /* helpme.xcdatamodeld */ = {
			isa = XCVersionGroup;
			children = (
				479A830C1C2B642A00A34BB9 /* helpme.xcdatamodel */,
			);
			currentVersion = 479A830C1C2B642A00A34BB9 /* helpme.xcdatamodel */;
			path = helpme.xcdatamodeld;
			sourceTree = "<group>";
			versionGroupType = wrapper.xcdatamodel;
		};
/* End XCVersionGroup section */
	};
	rootObject = 479A82FC1C2B642A00A34BB9 /* Project object */;
}
